
Microsoft Visual Studio Solution File, Format Version 12.00
# Visual Studio Version 17
VisualStudioVersion = 17.4.33213.308
MinimumVisualStudioVersion = 10.0.40219.1
Project("{9A19103F-16F7-4668-BE54-9A1E7A4F7556}") = "ClinicModelLibrary", "ClinicModelLibrary\ClinicModelLibrary.csproj", "{769F0F10-639B-4A25-8E56-95165F429751}"
EndProject
Project("{9A19103F-16F7-4668-BE54-9A1E7A4F7556}") = "ClinicDALLibrary", "ClinicDALLibrary\ClinicDALLibrary.csproj", "{489D421F-2C54-4122-A4AE-D9DE19C14197}"
EndProject
Project("{FAE04EC0-301F-11D3-BF4B-00C04F79EFBC}") = "ClinicBALLibrary", "ClinicBALLibrary\ClinicBALLibrary.csproj", "{32292331-E13C-4FBB-B50E-C3BF66D81D86}"
EndProject
Project("{FAE04EC0-301F-11D3-BF4B-00C04F79EFBC}") = "ClinicFEApp", "ClinicFEApp\ClinicFEApp.csproj", "{BC9A8CA3-158C-43CC-B171-58D99AE08C31}"
EndProject
Global
	GlobalSection(SolutionConfigurationPlatforms) = preSolution
		Debug|Any CPU = Debug|Any CPU
		Release|Any CPU = Release|Any CPU
	EndGlobalSection
	GlobalSection(ProjectConfigurationPlatforms) = postSolution
		{769F0F10-639B-4A25-8E56-95165F429751}.Debug|Any CPU.ActiveCfg = Debug|Any CPU
		{769F0F10-639B-4A25-8E56-95165F429751}.Debug|Any CPU.Build.0 = Debug|Any CPU
		{769F0F10-639B-4A25-8E56-95165F429751}.Release|Any CPU.ActiveCfg = Release|Any CPU
		{769F0F10-639B-4A25-8E56-95165F429751}.Release|Any CPU.Build.0 = Release|Any CPU
		{489D421F-2C54-4122-A4AE-D9DE19C14197}.Debug|Any CPU.ActiveCfg = Debug|Any CPU
		{489D421F-2C54-4122-A4AE-D9DE19C14197}.Debug|Any CPU.Build.0 = Debug|Any CPU
		{489D421F-2C54-4122-A4AE-D9DE19C14197}.Release|Any CPU.ActiveCfg = Release|Any CPU
		{489D421F-2C54-4122-A4AE-D9DE19C14197}.Release|Any CPU.Build.0 = Release|Any CPU
		{32292331-E13C-4FBB-B50E-C3BF66D81D86}.Debug|Any CPU.ActiveCfg = Debug|Any CPU
		{32292331-E13C-4FBB-B50E-C3BF66D81D86}.Debug|Any CPU.Build.0 = Debug|Any CPU
		{32292331-E13C-4FBB-B50E-C3BF66D81D86}.Release|Any CPU.ActiveCfg = Release|Any CPU
		{32292331-E13C-4FBB-B50E-C3BF66D81D86}.Release|Any CPU.Build.0 = Release|Any CPU
		{BC9A8CA3-158C-43CC-B171-58D99AE08C31}.Debug|Any CPU.ActiveCfg = Debug|Any CPU
		{BC9A8CA3-158C-43CC-B171-58D99AE08C31}.Debug|Any CPU.Build.0 = Debug|Any CPU
		{BC9A8CA3-158C-43CC-B171-58D99AE08C31}.Release|Any CPU.ActiveCfg = Release|Any CPU
		{BC9A8CA3-158C-43CC-B171-58D99AE08C31}.Release|Any CPU.Build.0 = Release|Any CPU
	EndGlobalSection
	GlobalSection(SolutionProperties) = preSolution
		HideSolutionNode = FALSE
	EndGlobalSection
	GlobalSection(ExtensibilityGlobals) = postSolution
		SolutionGuid = {4BDC6143-180D-4FE2-9E6E-528BD1AB6298}
	EndGlobalSection
EndGlobal
